
Microsoft Visual Studio Solution File, Format Version 12.00
# Visual Studio Version 16
VisualStudioVersion = 16.0.31624.102
MinimumVisualStudioVersion = 10.0.40219.1
Project("{FAE04EC0-301F-11D3-BF4B-00C04F79EFBC}") = "25Sep_ChallengeTake2", "25Sep_ChallengeTake2\25Sep_ChallengeTake2.csproj", "{EA463EE2-9EEE-4D2F-BC97-B68E9195CAEA}"
EndProject
Global
	GlobalSection(SolutionConfigurationPlatforms) = preSolution
		Debug|Any CPU = Debug|Any CPU
		Release|Any CPU = Release|Any CPU
	EndGlobalSection
	GlobalSection(ProjectConfigurationPlatforms) = postSolution
		{EA463EE2-9EEE-4D2F-BC97-B68E9195CAEA}.Debug|Any CPU.ActiveCfg = Debug|Any CPU
		{EA463EE2-9EEE-4D2F-BC97-B68E9195CAEA}.Debug|Any CPU.Build.0 = Debug|Any CPU
		{EA463EE2-9EEE-4D2F-BC97-B68E9195CAEA}.Release|Any CPU.ActiveCfg = Release|Any CPU
		{EA463EE2-9EEE-4D2F-BC97-B68E9195CAEA}.Release|Any CPU.Build.0 = Release|Any CPU
	EndGlobalSection
	GlobalSection(SolutionProperties) = preSolution
		HideSolutionNode = FALSE
	EndGlobalSection
	GlobalSection(ExtensibilityGlobals) = postSolution
		SolutionGuid = {953868C1-FA1D-4455-835E-11CE656C525D}
	EndGlobalSection
EndGlobal
